{
    "_readme": [
        "This file locks the dependencies of your project to a known state",
        "Read more about it at https://getcomposer.org/doc/01-basic-usage.md#composer-lock-the-lock-file",
        "This file is @generated automatically"
    ],
    "hash": "a00d5b1b2250557edeeab82cd5a85116",
    "content-hash": "913a93b925a918c5fc8127c3294efbd1",
    "packages": [
        {
            "name": "bitpay/php-client",
            "version": "v2.2.0",
            "source": {
                "type": "git",
                "url": "https://github.com/bitpay/php-bitpay-client.git",
                "reference": "b4f1922aa14484a1ba86c81deebd6e85e7df52a4"
            },
            "dist": {
                "type": "zip",
                "url": "https://api.github.com/repos/bitpay/php-bitpay-client/zipball/b4f1922aa14484a1ba86c81deebd6e85e7df52a4",
                "reference": "b4f1922aa14484a1ba86c81deebd6e85e7df52a4",
                "shasum": ""
            },
            "require": {
                "ext-curl": "*",
                "ext-json": "*",
                "ext-mcrypt": "*",
                "ext-openssl": "*",
                "php": ">=5.4",
                "symfony/config": "~2.3",
                "symfony/dependency-injection": "~2.3"
            },
            "require-dev": {
                "behat/mink": "1.6.*@stable",
                "behat/mink-selenium2-driver": "~1.1",
                "fzaninotto/faker": "~1.4.0",
                "mikey179/vfsstream": "~1.4.0",
                "phpmd/phpmd": "~2.1.3",
                "phpunit/phpunit": "~4.3.1",
                "satooshi/php-coveralls": "~0.6.1",
                "squizlabs/php_codesniffer": "~1.5.5"
            },
            "suggest": {
                "ext-bcmath": "PHP math library for doing Elliptic Curve calculations.",
                "ext-gmp": "Quickest PHP math library for doing Elliptic Curve calculations."
            },
            "type": "library",
            "extra": {
                "branch-alias": {
                    "dev-master": "2.0.x-dev"
                }
            },
            "autoload": {
                "psr-4": {
                    "": "src/"
                }
            },
            "notification-url": "https://packagist.org/downloads/",
            "license": [
                "MIT"
            ],
            "authors": [
                {
                    "name": "Community Contributors",
                    "homepage": "https://github.com/bitpay/php-bitpay-client/graphs/contributors"
                },
                {
                    "name": "BitPay Inc Ecommerce Development Team",
                    "homepage": "https://bitpay.com",
                    "role": "Software Engineer"
                }
            ],
            "description": "PHP Library to work with the new Bitpay API",
            "homepage": "https://github.com/bitpay/php-bitpay-client",
            "keywords": [
                "bitcoin",
                "bitpay"
            ],
            "time": "2014-11-21 19:18:34"
        },
        {
            "name": "freshwork/transbank",
            "version": "0.1.8",
            "source": {
                "type": "git",
                "url": "https://github.com/freshworkstudio/transbank-web-services.git",
                "reference": "5a2ae24eac65a695faf046c5eb73ffcc2895623d"
            },
            "dist": {
                "type": "zip",
                "url": "https://api.github.com/repos/freshworkstudio/transbank-web-services/zipball/5a2ae24eac65a695faf046c5eb73ffcc2895623d",
                "reference": "5a2ae24eac65a695faf046c5eb73ffcc2895623d",
                "shasum": ""
            },
            "type": "library",
            "autoload": {
                "psr-4": {
                    "Freshwork\\Transbank\\": "src/"
                },
                "classmap": [
                    "src/wss"
                ]
            },
            "notification-url": "https://packagist.org/downloads/",
            "license": [
                "GPLv3"
            ],
            "authors": [
                {
                    "name": "Gonzalo De Spirito",
                    "email": "gonzalo@freshworkstudio.com"
                }
            ],
            "description": "SDK para webservices de transbank (Webpay Plus, Webpay OneClick, Webpay PatPass)",
            "time": "2017-05-20 23:59:25"
        },
        {
            "name": "guzzlehttp/guzzle",
            "version": "6.3.0",
            "source": {
                "type": "git",
                "url": "https://github.com/guzzle/guzzle.git",
                "reference": "f4db5a78a5ea468d4831de7f0bf9d9415e348699"
            },
            "dist": {
                "type": "zip",
                "url": "https://api.github.com/repos/guzzle/guzzle/zipball/f4db5a78a5ea468d4831de7f0bf9d9415e348699",
                "reference": "f4db5a78a5ea468d4831de7f0bf9d9415e348699",
                "shasum": ""
            },
            "require": {
                "guzzlehttp/promises": "^1.0",
                "guzzlehttp/psr7": "^1.4",
                "php": ">=5.5"
            },
            "require-dev": {
                "ext-curl": "*",
                "phpunit/phpunit": "^4.0 || ^5.0",
                "psr/log": "^1.0"
            },
            "suggest": {
                "psr/log": "Required for using the Log middleware"
            },
            "type": "library",
            "extra": {
                "branch-alias": {
                    "dev-master": "6.2-dev"
                }
            },
            "autoload": {
                "files": [
                    "src/functions_include.php"
                ],
                "psr-4": {
                    "GuzzleHttp\\": "src/"
                }
            },
            "notification-url": "https://packagist.org/downloads/",
            "license": [
                "MIT"
            ],
            "authors": [
                {
                    "name": "Michael Dowling",
                    "email": "mtdowling@gmail.com",
                    "homepage": "https://github.com/mtdowling"
                }
            ],
            "description": "Guzzle is a PHP HTTP client library",
            "homepage": "http://guzzlephp.org/",
            "keywords": [
                "client",
                "curl",
                "framework",
                "http",
                "http client",
                "rest",
                "web service"
            ],
            "time": "2017-06-22 18:50:49"
        },
        {
            "name": "guzzlehttp/promises",
            "version": "v1.3.1",
            "source": {
                "type": "git",
                "url": "https://github.com/guzzle/promises.git",
                "reference": "a59da6cf61d80060647ff4d3eb2c03a2bc694646"
            },
            "dist": {
                "type": "zip",
                "url": "https://api.github.com/repos/guzzle/promises/zipball/a59da6cf61d80060647ff4d3eb2c03a2bc694646",
                "reference": "a59da6cf61d80060647ff4d3eb2c03a2bc694646",
                "shasum": ""
            },
            "require": {
                "php": ">=5.5.0"
            },
            "require-dev": {
                "phpunit/phpunit": "^4.0"
            },
            "type": "library",
            "extra": {
                "branch-alias": {
                    "dev-master": "1.4-dev"
                }
            },
            "autoload": {
                "psr-4": {
                    "GuzzleHttp\\Promise\\": "src/"
                },
                "files": [
                    "src/functions_include.php"
                ]
            },
            "notification-url": "https://packagist.org/downloads/",
            "license": [
                "MIT"
            ],
            "authors": [
                {
                    "name": "Michael Dowling",
                    "email": "mtdowling@gmail.com",
                    "homepage": "https://github.com/mtdowling"
                }
            ],
            "description": "Guzzle promises library",
            "keywords": [
                "promise"
            ],
            "time": "2016-12-20 10:07:11"
        },
        {
            "name": "guzzlehttp/psr7",
            "version": "1.4.2",
            "source": {
                "type": "git",
                "url": "https://github.com/guzzle/psr7.git",
                "reference": "f5b8a8512e2b58b0071a7280e39f14f72e05d87c"
            },
            "dist": {
                "type": "zip",
                "url": "https://api.github.com/repos/guzzle/psr7/zipball/f5b8a8512e2b58b0071a7280e39f14f72e05d87c",
                "reference": "f5b8a8512e2b58b0071a7280e39f14f72e05d87c",
                "shasum": ""
            },
            "require": {
                "php": ">=5.4.0",
                "psr/http-message": "~1.0"
            },
            "provide": {
                "psr/http-message-implementation": "1.0"
            },
            "require-dev": {
                "phpunit/phpunit": "~4.0"
            },
            "type": "library",
            "extra": {
                "branch-alias": {
                    "dev-master": "1.4-dev"
                }
            },
            "autoload": {
                "psr-4": {
                    "GuzzleHttp\\Psr7\\": "src/"
                },
                "files": [
                    "src/functions_include.php"
                ]
            },
            "notification-url": "https://packagist.org/downloads/",
            "license": [
                "MIT"
            ],
            "authors": [
                {
                    "name": "Michael Dowling",
                    "email": "mtdowling@gmail.com",
                    "homepage": "https://github.com/mtdowling"
                },
                {
                    "name": "Tobias Schultze",
                    "homepage": "https://github.com/Tobion"
                }
            ],
            "description": "PSR-7 message implementation that also provides common utility methods",
            "keywords": [
                "http",
                "message",
                "request",
                "response",
                "stream",
                "uri",
                "url"
            ],
            "time": "2017-03-20 17:10:46"
        },
        {
            "name": "khipu/khipu-api-client",
            "version": "2.7.1",
            "source": {
                "type": "git",
                "url": "https://github.com/khipu/khipu-api-php-client.git",
                "reference": "3a914dd36de4a07d1bdf25ff43b9028bbda61122"
            },
            "dist": {
                "type": "zip",
                "url": "https://api.github.com/repos/khipu/khipu-api-php-client/zipball/3a914dd36de4a07d1bdf25ff43b9028bbda61122",
                "reference": "3a914dd36de4a07d1bdf25ff43b9028bbda61122",
                "shasum": ""
            },
            "require": {
                "ext-curl": "*",
                "ext-json": "*",
                "ext-mbstring": "*",
                "php": ">=5.3.3"
            },
            "require-dev": {
                "phpunit/phpunit": "~4.0",
                "satooshi/php-coveralls": "~0.6.1",
                "squizlabs/php_codesniffer": "~2.0"
            },
            "type": "library",
            "autoload": {
                "psr-4": {
                    "Khipu\\": "lib/"
                }
            },
            "notification-url": "https://packagist.org/downloads/",
            "license": [
                "Apache-2.0"
            ],
            "authors": [
                {
                    "name": "khipu",
                    "homepage": "https://github.com/khipu/khipu-api-php-client"
                }
            ],
            "homepage": "https://github.com/khipu/khipu-api-php-client",
            "keywords": [
                "api",
                "khipu",
                "php",
                "sdk"
            ],
            "time": "2016-07-11 18:53:07"
        },
        {
            "name": "kunalvarma05/dropbox-php-sdk",
            "version": "v0.2.1",
            "source": {
                "type": "git",
                "url": "https://github.com/kunalvarma05/dropbox-php-sdk.git",
                "reference": "27036f20b7eeb59d5e559e03d4280851f6eb789b"
            },
            "dist": {
                "type": "zip",
                "url": "https://api.github.com/repos/kunalvarma05/dropbox-php-sdk/zipball/27036f20b7eeb59d5e559e03d4280851f6eb789b",
                "reference": "27036f20b7eeb59d5e559e03d4280851f6eb789b",
                "shasum": ""
            },
            "require": {
                "guzzlehttp/guzzle": "~6.0",
                "tightenco/collect": "^5.2"
            },
            "require-dev": {
                "phpunit/phpunit": "^6.0"
            },
            "type": "library",
            "autoload": {
                "psr-4": {
                    "Kunnu\\Dropbox\\": "src/Dropbox"
                }
            },
            "notification-url": "https://packagist.org/downloads/",
            "license": [
                "MIT"
            ],
            "authors": [
                {
                    "name": "Kunal Varma",
                    "email": "kunalvarma05@gmail.com"
                }
            ],
            "description": "Dropbox PHP API V2 SDK (Unofficial)",
            "keywords": [
                "api",
                "client",
                "dropbox",
                "php",
                "sdk",
                "unofficial"
            ],
            "time": "2017-06-26 09:37:16"
        },
        {
            "name": "phpseclib/phpseclib",
            "version": "2.0.6",
            "source": {
                "type": "git",
                "url": "https://github.com/phpseclib/phpseclib.git",
                "reference": "34a7699e6f31b1ef4035ee36444407cecf9f56aa"
            },
            "dist": {
                "type": "zip",
                "url": "https://api.github.com/repos/phpseclib/phpseclib/zipball/34a7699e6f31b1ef4035ee36444407cecf9f56aa",
                "reference": "34a7699e6f31b1ef4035ee36444407cecf9f56aa",
                "shasum": ""
            },
            "require": {
                "php": ">=5.3.3"
            },
            "require-dev": {
                "phing/phing": "~2.7",
                "phpunit/phpunit": "~4.0",
                "sami/sami": "~2.0",
                "squizlabs/php_codesniffer": "~2.0"
            },
            "suggest": {
                "ext-gmp": "Install the GMP (GNU Multiple Precision) extension in order to speed up arbitrary precision integer arithmetic operations.",
                "ext-libsodium": "SSH2/SFTP can make use of some algorithms provided by the libsodium-php extension.",
                "ext-mcrypt": "Install the Mcrypt extension in order to speed up a few other cryptographic operations.",
                "ext-openssl": "Install the OpenSSL extension in order to speed up a wide variety of cryptographic operations."
            },
            "type": "library",
            "autoload": {
                "files": [
                    "phpseclib/bootstrap.php"
                ],
                "psr-4": {
                    "phpseclib\\": "phpseclib/"
                }
            },
            "notification-url": "https://packagist.org/downloads/",
            "license": [
                "MIT"
            ],
            "authors": [
                {
                    "name": "Jim Wigginton",
                    "email": "terrafrost@php.net",
                    "role": "Lead Developer"
                },
                {
                    "name": "Patrick Monnerat",
                    "email": "pm@datasphere.ch",
                    "role": "Developer"
                },
                {
                    "name": "Andreas Fischer",
                    "email": "bantu@phpbb.com",
                    "role": "Developer"
                },
                {
                    "name": "Hans-Jürgen Petrich",
                    "email": "petrich@tronic-media.com",
                    "role": "Developer"
                },
                {
                    "name": "Graham Campbell",
                    "email": "graham@alt-three.com",
                    "role": "Developer"
                }
            ],
            "description": "PHP Secure Communications Library - Pure-PHP implementations of RSA, AES, SSH2, SFTP, X.509 etc.",
            "homepage": "http://phpseclib.sourceforge.net",
            "keywords": [
                "BigInteger",
                "aes",
                "asn.1",
                "asn1",
                "blowfish",
                "crypto",
                "cryptography",
                "encryption",
                "rsa",
                "security",
                "sftp",
                "signature",
                "signing",
                "ssh",
                "twofish",
                "x.509",
                "x509"
            ],
            "time": "2017-06-05 06:31:10"
        },
        {
            "name": "psr/http-message",
            "version": "1.0.1",
            "source": {
                "type": "git",
                "url": "https://github.com/php-fig/http-message.git",
                "reference": "f6561bf28d520154e4b0ec72be95418abe6d9363"
            },
            "dist": {
                "type": "zip",
                "url": "https://api.github.com/repos/php-fig/http-message/zipball/f6561bf28d520154e4b0ec72be95418abe6d9363",
                "reference": "f6561bf28d520154e4b0ec72be95418abe6d9363",
                "shasum": ""
            },
            "require": {
                "php": ">=5.3.0"
            },
            "type": "library",
            "extra": {
                "branch-alias": {
                    "dev-master": "1.0.x-dev"
                }
            },
            "autoload": {
                "psr-4": {
                    "Psr\\Http\\Message\\": "src/"
                }
            },
            "notification-url": "https://packagist.org/downloads/",
            "license": [
                "MIT"
            ],
            "authors": [
                {
                    "name": "PHP-FIG",
                    "homepage": "http://www.php-fig.org/"
                }
            ],
            "description": "Common interface for HTTP messages",
            "homepage": "https://github.com/php-fig/http-message",
            "keywords": [
                "http",
                "http-message",
                "psr",
                "psr-7",
                "request",
                "response"
            ],
            "time": "2016-08-06 14:39:51"
        },
        {
            "name": "sasco/libredte",
            "version": "dev-master",
            "source": {
                "type": "git",
                "url": "https://github.com/LibreDTE/libredte-lib.git",
                "reference": "ac68426d13213a6f58c4d47c71214947f94ce2d4"
            },
            "dist": {
                "type": "zip",
                "url": "https://api.github.com/repos/LibreDTE/libredte-lib/zipball/ac68426d13213a6f58c4d47c71214947f94ce2d4",
                "reference": "ac68426d13213a6f58c4d47c71214947f94ce2d4",
                "shasum": ""
            },
            "require": {
                "ext-curl": "*",
                "ext-openssl": "*",
                "ext-soap": "*",
                "php": ">=5.5",
                "phpseclib/phpseclib": "2.0.6",
                "tecnickcom/tcpdf": "6.2.13"
            },
            "require-dev": {
                "phpunit/phpunit": "6.3.*"
            },
            "type": "library",
            "autoload": {
                "psr-4": {
                    "sasco\\LibreDTE\\": "lib/"
                }
            },
            "notification-url": "https://packagist.org/downloads/",
            "license": [
                "AGPL-3.0+"
            ],
            "authors": [
                {
                    "name": "SASCO SpA",
                    "homepage": "https://sasco.cl"
                }
            ],
            "description": "Biblioteca para trabajo con DTE del SII de Chile",
            "homepage": "https://libredte.cl",
            "keywords": [
                "dte",
                "facturación electrónica",
                "sii"
            ],
            "time": "2017-09-02 19:40:32"
        },
        {
            "name": "symfony/config",
            "version": "v2.8.27",
            "source": {
                "type": "git",
                "url": "https://github.com/symfony/config.git",
                "reference": "0b8541d18507d10204a08384640ff6df3c739ebe"
            },
            "dist": {
                "type": "zip",
                "url": "https://api.github.com/repos/symfony/config/zipball/0b8541d18507d10204a08384640ff6df3c739ebe",
                "reference": "0b8541d18507d10204a08384640ff6df3c739ebe",
                "shasum": ""
            },
            "require": {
                "php": ">=5.3.9",
                "symfony/filesystem": "~2.3|~3.0.0"
            },
            "require-dev": {
                "symfony/yaml": "~2.7|~3.0.0"
            },
            "suggest": {
                "symfony/yaml": "To use the yaml reference dumper"
            },
            "type": "library",
            "extra": {
                "branch-alias": {
                    "dev-master": "2.8-dev"
                }
            },
            "autoload": {
                "psr-4": {
                    "Symfony\\Component\\Config\\": ""
                },
                "exclude-from-classmap": [
                    "/Tests/"
                ]
            },
            "notification-url": "https://packagist.org/downloads/",
            "license": [
                "MIT"
            ],
            "authors": [
                {
                    "name": "Fabien Potencier",
                    "email": "fabien@symfony.com"
                },
                {
                    "name": "Symfony Community",
                    "homepage": "https://symfony.com/contributors"
                }
            ],
            "description": "Symfony Config Component",
            "homepage": "https://symfony.com",
            "time": "2017-04-12 14:07:15"
        },
        {
            "name": "symfony/dependency-injection",
            "version": "v2.8.27",
            "source": {
                "type": "git",
                "url": "https://github.com/symfony/dependency-injection.git",
                "reference": "fbeea992f0d30e3c400694c85f60c9bfd10454a3"
            },
            "dist": {
                "type": "zip",
                "url": "https://api.github.com/repos/symfony/dependency-injection/zipball/fbeea992f0d30e3c400694c85f60c9bfd10454a3",
                "reference": "fbeea992f0d30e3c400694c85f60c9bfd10454a3",
                "shasum": ""
            },
            "require": {
                "php": ">=5.3.9"
            },
            "conflict": {
                "symfony/expression-language": "<2.6"
            },
            "require-dev": {
                "symfony/config": "~2.2|~3.0.0",
                "symfony/expression-language": "~2.6|~3.0.0",
                "symfony/yaml": "~2.3.42|~2.7.14|~2.8.7|~3.0.7"
            },
            "suggest": {
                "symfony/config": "",
                "symfony/expression-language": "For using expressions in service container configuration",
                "symfony/proxy-manager-bridge": "Generate service proxies to lazy load them",
                "symfony/yaml": ""
            },
            "type": "library",
            "extra": {
                "branch-alias": {
                    "dev-master": "2.8-dev"
                }
            },
            "autoload": {
                "psr-4": {
                    "Symfony\\Component\\DependencyInjection\\": ""
                },
                "exclude-from-classmap": [
                    "/Tests/"
                ]
            },
            "notification-url": "https://packagist.org/downloads/",
            "license": [
                "MIT"
            ],
            "authors": [
                {
                    "name": "Fabien Potencier",
                    "email": "fabien@symfony.com"
                },
                {
                    "name": "Symfony Community",
                    "homepage": "https://symfony.com/contributors"
                }
            ],
            "description": "Symfony DependencyInjection Component",
            "homepage": "https://symfony.com",
            "time": "2017-08-10 14:42:21"
        },
        {
            "name": "symfony/filesystem",
            "version": "v3.0.9",
            "source": {
                "type": "git",
                "url": "https://github.com/symfony/filesystem.git",
                "reference": "b2da5009d9bacbd91d83486aa1f44c793a8c380d"
            },
            "dist": {
                "type": "zip",
                "url": "https://api.github.com/repos/symfony/filesystem/zipball/b2da5009d9bacbd91d83486aa1f44c793a8c380d",
                "reference": "b2da5009d9bacbd91d83486aa1f44c793a8c380d",
                "shasum": ""
            },
            "require": {
                "php": ">=5.5.9"
            },
            "type": "library",
            "extra": {
                "branch-alias": {
                    "dev-master": "3.0-dev"
                }
            },
            "autoload": {
                "psr-4": {
                    "Symfony\\Component\\Filesystem\\": ""
                },
                "exclude-from-classmap": [
                    "/Tests/"
                ]
            },
            "notification-url": "https://packagist.org/downloads/",
            "license": [
                "MIT"
            ],
            "authors": [
                {
                    "name": "Fabien Potencier",
                    "email": "fabien@symfony.com"
                },
                {
                    "name": "Symfony Community",
                    "homepage": "https://symfony.com/contributors"
                }
            ],
            "description": "Symfony Filesystem Component",
            "homepage": "https://symfony.com",
            "time": "2016-07-20 05:43:46"
        },
        {
            "name": "tecnickcom/tcpdf",
            "version": "6.2.13",
            "source": {
                "type": "git",
                "url": "https://github.com/tecnickcom/TCPDF.git",
                "reference": "95c5938aafe4b20df1454dbddb3e5005c0b26f64"
            },
            "dist": {
                "type": "zip",
                "url": "https://api.github.com/repos/tecnickcom/TCPDF/zipball/95c5938aafe4b20df1454dbddb3e5005c0b26f64",
                "reference": "95c5938aafe4b20df1454dbddb3e5005c0b26f64",
                "shasum": ""
            },
            "require": {
                "php": ">=5.3.0"
            },
            "type": "library",
            "autoload": {
                "classmap": [
                    "config",
                    "include",
                    "tcpdf.php",
                    "tcpdf_parser.php",
                    "tcpdf_import.php",
                    "tcpdf_barcodes_1d.php",
                    "tcpdf_barcodes_2d.php",
                    "include/tcpdf_colors.php",
                    "include/tcpdf_filters.php",
                    "include/tcpdf_font_data.php",
                    "include/tcpdf_fonts.php",
                    "include/tcpdf_images.php",
                    "include/tcpdf_static.php",
                    "include/barcodes/datamatrix.php",
                    "include/barcodes/pdf417.php",
                    "include/barcodes/qrcode.php"
                ]
            },
            "notification-url": "https://packagist.org/downloads/",
            "license": [
                "LGPLv3"
            ],
            "authors": [
                {
                    "name": "Nicola Asuni",
                    "email": "info@tecnick.com",
                    "homepage": "http://nicolaasuni.tecnick.com"
                }
            ],
            "description": "TCPDF is a PHP class for generating PDF documents and barcodes.",
            "homepage": "http://www.tcpdf.org/",
            "keywords": [
                "PDFD32000-2008",
                "TCPDF",
                "barcodes",
                "datamatrix",
                "pdf",
                "pdf417",
                "qrcode"
            ],
            "time": "2017-04-26 08:14:48"
        },
        {
            "name": "tightenco/collect",
            "version": "v5.4.33",
            "source": {
                "type": "git",
                "url": "https://github.com/tightenco/collect.git",
                "reference": "73aa38b20d932f5e8f8ccf721e4c27f4304783d6"
            },
            "dist": {
                "type": "zip",
                "url": "https://api.github.com/repos/tightenco/collect/zipball/73aa38b20d932f5e8f8ccf721e4c27f4304783d6",
                "reference": "73aa38b20d932f5e8f8ccf721e4c27f4304783d6",
                "shasum": ""
            },
            "require": {
                "php": ">=5.6.4"
            },
            "require-dev": {
                "mockery/mockery": "^0.9.7",
                "phpunit/phpunit": "^5.7"
            },
            "type": "library",
            "autoload": {
                "files": [
                    "src/Illuminate/Support/helpers.php"
                ],
                "psr-4": {
                    "Illuminate\\": "src/Illuminate"
                }
            },
            "notification-url": "https://packagist.org/downloads/",
            "license": [
                "MIT"
            ],
            "authors": [
                {
                    "name": "Taylor Otwell",
                    "email": "taylorotwell@gmail.com"
                }
            ],
            "description": "Collect - Illuminate Collections as a separate package.",
            "keywords": [
                "collection",
                "laravel"
            ],
            "time": "2017-08-14 20:47:19"
        }
    ],
    "packages-dev": [],
    "aliases": [],
    "minimum-stability": "stable",
    "stability-flags": {
        "sasco/libredte": 20
    },
    "prefer-stable": false,
    "prefer-lowest": false,
    "platform": [],
    "platform-dev": []
}
